
Microsoft Visual Studio Solution File, Format Version 12.00
Project("{FAE04EC0-301F-11D3-BF4B-00C04F79EFBC}") = "CatVM", "CatVM\CatVM.csproj", "{EEFBE857-CC35-4A39-BB64-B91EE25850D6}"
EndProject
Project("{FAE04EC0-301F-11D3-BF4B-00C04F79EFBC}") = "CatAssembler", "CatAssembler\CatAssembler.csproj", "{A4F1500E-07AB-456A-A49E-A641D8E9E8AA}"
EndProject
Global
	GlobalSection(SolutionConfigurationPlatforms) = preSolution
		Debug|Any CPU = Debug|Any CPU
		Release|Any CPU = Release|Any CPU
	EndGlobalSection
	GlobalSection(ProjectConfigurationPlatforms) = postSolution
		{EEFBE857-CC35-4A39-BB64-B91EE25850D6}.Debug|Any CPU.ActiveCfg = Debug|Any CPU
		{EEFBE857-CC35-4A39-BB64-B91EE25850D6}.Debug|Any CPU.Build.0 = Debug|Any CPU
		{EEFBE857-CC35-4A39-BB64-B91EE25850D6}.Release|Any CPU.ActiveCfg = Release|Any CPU
		{EEFBE857-CC35-4A39-BB64-B91EE25850D6}.Release|Any CPU.Build.0 = Release|Any CPU
		{A4F1500E-07AB-456A-A49E-A641D8E9E8AA}.Debug|Any CPU.ActiveCfg = Debug|Any CPU
		{A4F1500E-07AB-456A-A49E-A641D8E9E8AA}.Debug|Any CPU.Build.0 = Debug|Any CPU
		{A4F1500E-07AB-456A-A49E-A641D8E9E8AA}.Release|Any CPU.ActiveCfg = Release|Any CPU
		{A4F1500E-07AB-456A-A49E-A641D8E9E8AA}.Release|Any CPU.Build.0 = Release|Any CPU
	EndGlobalSection
EndGlobal
