
Microsoft Visual Studio Solution File, Format Version 12.00
Project("{FAE04EC0-301F-11D3-BF4B-00C04F79EFBC}") = "CatVM", "CatVM\CatVM.csproj", "{EEFBE857-CC35-4A39-BB64-B91EE25850D6}"
EndProject
Project("{FAE04EC0-301F-11D3-BF4B-00C04F79EFBC}") = "CatAssembler", "CatAssembler\CatAssembler.csproj", "{A4F1500E-07AB-456A-A49E-A641D8E9E8AA}"
EndProject
Project("{FAE04EC0-301F-11D3-BF4B-00C04F79EFBC}") = "CatVM.Benchmarking", "CatVM.Benchmarking\CatVM.Benchmarking.csproj", "{436000D2-71C2-4B25-85AA-4D8DCC3C11BD}"
EndProject
Project("{FAE04EC0-301F-11D3-BF4B-00C04F79EFBC}") = "CatData", "CatData\CatData.csproj", "{73AD458D-4EEF-457C-9006-D144614422C6}"
EndProject
Project("{FAE04EC0-301F-11D3-BF4B-00C04F79EFBC}") = "Catnip.Compiler", "Catnip.Compiler\Catnip.Compiler.csproj", "{178C6307-E5D8-43AC-B560-75CF293324A0}"
EndProject
Project("{FAE04EC0-301F-11D3-BF4B-00C04F79EFBC}") = "IntegerMaths", "IntegerMaths\IntegerMaths.csproj", "{50964DEA-7551-4912-9B7A-0A319E340EC1}"
EndProject
Project("{FAE04EC0-301F-11D3-BF4B-00C04F79EFBC}") = "IntegerMaths.Test", "IntegerMaths.Test\IntegerMaths.Test.csproj", "{3F072A43-20F9-4733-B013-3CD656721F29}"
EndProject
Global
	GlobalSection(SolutionConfigurationPlatforms) = preSolution
		Debug|Any CPU = Debug|Any CPU
		Release|Any CPU = Release|Any CPU
	EndGlobalSection
	GlobalSection(ProjectConfigurationPlatforms) = postSolution
		{EEFBE857-CC35-4A39-BB64-B91EE25850D6}.Debug|Any CPU.ActiveCfg = Debug|Any CPU
		{EEFBE857-CC35-4A39-BB64-B91EE25850D6}.Debug|Any CPU.Build.0 = Debug|Any CPU
		{EEFBE857-CC35-4A39-BB64-B91EE25850D6}.Release|Any CPU.ActiveCfg = Release|Any CPU
		{EEFBE857-CC35-4A39-BB64-B91EE25850D6}.Release|Any CPU.Build.0 = Release|Any CPU
		{A4F1500E-07AB-456A-A49E-A641D8E9E8AA}.Debug|Any CPU.ActiveCfg = Debug|Any CPU
		{A4F1500E-07AB-456A-A49E-A641D8E9E8AA}.Debug|Any CPU.Build.0 = Debug|Any CPU
		{A4F1500E-07AB-456A-A49E-A641D8E9E8AA}.Release|Any CPU.ActiveCfg = Release|Any CPU
		{A4F1500E-07AB-456A-A49E-A641D8E9E8AA}.Release|Any CPU.Build.0 = Release|Any CPU
		{436000D2-71C2-4B25-85AA-4D8DCC3C11BD}.Debug|Any CPU.ActiveCfg = Debug|Any CPU
		{436000D2-71C2-4B25-85AA-4D8DCC3C11BD}.Debug|Any CPU.Build.0 = Debug|Any CPU
		{436000D2-71C2-4B25-85AA-4D8DCC3C11BD}.Release|Any CPU.ActiveCfg = Release|Any CPU
		{436000D2-71C2-4B25-85AA-4D8DCC3C11BD}.Release|Any CPU.Build.0 = Release|Any CPU
		{73AD458D-4EEF-457C-9006-D144614422C6}.Debug|Any CPU.ActiveCfg = Debug|Any CPU
		{73AD458D-4EEF-457C-9006-D144614422C6}.Debug|Any CPU.Build.0 = Debug|Any CPU
		{73AD458D-4EEF-457C-9006-D144614422C6}.Release|Any CPU.ActiveCfg = Release|Any CPU
		{73AD458D-4EEF-457C-9006-D144614422C6}.Release|Any CPU.Build.0 = Release|Any CPU
		{50964DEA-7551-4912-9B7A-0A319E340EC1}.Debug|Any CPU.ActiveCfg = Debug|Any CPU
		{50964DEA-7551-4912-9B7A-0A319E340EC1}.Debug|Any CPU.Build.0 = Debug|Any CPU
		{50964DEA-7551-4912-9B7A-0A319E340EC1}.Release|Any CPU.ActiveCfg = Release|Any CPU
		{50964DEA-7551-4912-9B7A-0A319E340EC1}.Release|Any CPU.Build.0 = Release|Any CPU
		{3F072A43-20F9-4733-B013-3CD656721F29}.Debug|Any CPU.ActiveCfg = Debug|Any CPU
		{3F072A43-20F9-4733-B013-3CD656721F29}.Debug|Any CPU.Build.0 = Debug|Any CPU
		{3F072A43-20F9-4733-B013-3CD656721F29}.Release|Any CPU.ActiveCfg = Release|Any CPU
		{3F072A43-20F9-4733-B013-3CD656721F29}.Release|Any CPU.Build.0 = Release|Any CPU
		{178C6307-E5D8-43AC-B560-75CF293324A0}.Release|Any CPU.ActiveCfg = Release|Any CPU
		{178C6307-E5D8-43AC-B560-75CF293324A0}.Release|Any CPU.Build.0 = Release|Any CPU
	EndGlobalSection
EndGlobal
