
Microsoft Visual Studio Solution File, Format Version 12.00
Project("{FAE04EC0-301F-11D3-BF4B-00C04F79EFBC}") = "CatVM", "CatVM\CatVM.csproj", "{EEFBE857-CC35-4A39-BB64-B91EE25850D6}"
EndProject
Project("{FAE04EC0-301F-11D3-BF4B-00C04F79EFBC}") = "CatAssembler", "CatAssembler\CatAssembler.csproj", "{A4F1500E-07AB-456A-A49E-A641D8E9E8AA}"
EndProject
Project("{FAE04EC0-301F-11D3-BF4B-00C04F79EFBC}") = "CatVM.Benchmarking", "CatVM.Benchmarking\CatVM.Benchmarking.csproj", "{436000D2-71C2-4B25-85AA-4D8DCC3C11BD}"
EndProject
Project("{FAE04EC0-301F-11D3-BF4B-00C04F79EFBC}") = "CatData", "CatData\CatData.csproj", "{73AD458D-4EEF-457C-9006-D144614422C6}"
EndProject
Project("{FAE04EC0-301F-11D3-BF4B-00C04F79EFBC}") = "Catnip.Compiler", "Catnip.Compiler\Catnip.Compiler.csproj", "{178C6307-E5D8-43AC-B560-75CF293324A0}"
EndProject
Project("{FAE04EC0-301F-11D3-BF4B-00C04F79EFBC}") = "IntegerMaths", "IntegerMaths\IntegerMaths.csproj", "{50964DEA-7551-4912-9B7A-0A319E340EC1}"
EndProject
Project("{FAE04EC0-301F-11D3-BF4B-00C04F79EFBC}") = "IntegerMaths.Test", "IntegerMaths.Test\IntegerMaths.Test.csproj", "{3F072A43-20F9-4733-B013-3CD656721F29}"
EndProject
Project("{FAE04EC0-301F-11D3-BF4B-00C04F79EFBC}") = "CatVM.Testing", "CatVM.Testing\CatVM.Testing.csproj", "{63E1FF58-9873-4BC8-9C74-0DB7B2872003}"
EndProject
Project("{FAE04EC0-301F-11D3-BF4B-00C04F79EFBC}") = "CatLLVM", "CatLLVM\CatLLVM.csproj", "{37B9920E-3A76-4FCF-9B4F-DFD0F414CCBE}"
EndProject
Project("{FAE04EC0-301F-11D3-BF4B-00C04F79EFBC}") = "CatLauncher", "CatLauncher\CatLauncher.csproj", "{A4436982-12ED-4A5D-9D42-4405D4069D06}"
EndProject
Project("{FAE04EC0-301F-11D3-BF4B-00C04F79EFBC}") = "Catnip.LanguageServer", "Catnip.LanguageServer\Catnip.LanguageServer.csproj", "{6395C1D6-F670-4E88-9BBE-78891D789B02}"
EndProject
Project("{FAE04EC0-301F-11D3-BF4B-00C04F79EFBC}") = "Catnip.Testing", "Catnip.Testing\Catnip.Testing.csproj", "{B41B8B1B-837C-4B18-8749-A4AD4136151A}"
EndProject
Project("{2150E333-8FDC-42A3-9474-1A3956D46DE8}") = "Catnip", "Catnip", "{D1B700EA-A9F7-44CB-AF6B-F7D4EB24383C}"
EndProject
Project("{2150E333-8FDC-42A3-9474-1A3956D46DE8}") = "VM", "VM", "{B5F5B64B-17D1-4522-90EB-2E57E1B09D43}"
EndProject
Project("{2150E333-8FDC-42A3-9474-1A3956D46DE8}") = "ASM", "ASM", "{11EB7655-B92E-434E-811B-275DDB621294}"
EndProject
Project("{2150E333-8FDC-42A3-9474-1A3956D46DE8}") = "Util", "Util", "{5D4B08B7-F4B4-41EC-9557-0929C0955E81}"
EndProject
Project("{2150E333-8FDC-42A3-9474-1A3956D46DE8}") = "Hardware", "Hardware", "{E188F715-9997-4AE1-8366-47B65C77DD73}"
EndProject
Project("{FAE04EC0-301F-11D3-BF4B-00C04F79EFBC}") = "HelloWorldDevice", "HelloWorldDevice\HelloWorldDevice.csproj", "{20362BDF-85C9-4698-9B40-CD3E732B76C2}"
EndProject
Project("{FAE04EC0-301F-11D3-BF4B-00C04F79EFBC}") = "CatArgs", "CatArgs\CatArgs.csproj", "{6AED91F4-5162-4422-A2B5-88FB286C24CE}"
EndProject
Global
	GlobalSection(SolutionConfigurationPlatforms) = preSolution
		Debug|Any CPU = Debug|Any CPU
		Debug|x64 = Debug|x64
		Debug|x86 = Debug|x86
		Release|Any CPU = Release|Any CPU
		Release|x64 = Release|x64
		Release|x86 = Release|x86
	EndGlobalSection
	GlobalSection(ProjectConfigurationPlatforms) = postSolution
		{EEFBE857-CC35-4A39-BB64-B91EE25850D6}.Debug|Any CPU.ActiveCfg = Debug|Any CPU
		{EEFBE857-CC35-4A39-BB64-B91EE25850D6}.Debug|Any CPU.Build.0 = Debug|Any CPU
		{EEFBE857-CC35-4A39-BB64-B91EE25850D6}.Debug|x64.ActiveCfg = Debug|Any CPU
		{EEFBE857-CC35-4A39-BB64-B91EE25850D6}.Debug|x64.Build.0 = Debug|Any CPU
		{EEFBE857-CC35-4A39-BB64-B91EE25850D6}.Debug|x86.ActiveCfg = Debug|Any CPU
		{EEFBE857-CC35-4A39-BB64-B91EE25850D6}.Debug|x86.Build.0 = Debug|Any CPU
		{EEFBE857-CC35-4A39-BB64-B91EE25850D6}.Release|Any CPU.ActiveCfg = Release|Any CPU
		{EEFBE857-CC35-4A39-BB64-B91EE25850D6}.Release|Any CPU.Build.0 = Release|Any CPU
		{EEFBE857-CC35-4A39-BB64-B91EE25850D6}.Release|x64.ActiveCfg = Release|Any CPU
		{EEFBE857-CC35-4A39-BB64-B91EE25850D6}.Release|x64.Build.0 = Release|Any CPU
		{EEFBE857-CC35-4A39-BB64-B91EE25850D6}.Release|x86.ActiveCfg = Release|Any CPU
		{EEFBE857-CC35-4A39-BB64-B91EE25850D6}.Release|x86.Build.0 = Release|Any CPU
		{A4F1500E-07AB-456A-A49E-A641D8E9E8AA}.Debug|Any CPU.ActiveCfg = Debug|Any CPU
		{A4F1500E-07AB-456A-A49E-A641D8E9E8AA}.Debug|Any CPU.Build.0 = Debug|Any CPU
		{A4F1500E-07AB-456A-A49E-A641D8E9E8AA}.Debug|x64.ActiveCfg = Debug|Any CPU
		{A4F1500E-07AB-456A-A49E-A641D8E9E8AA}.Debug|x64.Build.0 = Debug|Any CPU
		{A4F1500E-07AB-456A-A49E-A641D8E9E8AA}.Debug|x86.ActiveCfg = Debug|Any CPU
		{A4F1500E-07AB-456A-A49E-A641D8E9E8AA}.Debug|x86.Build.0 = Debug|Any CPU
		{A4F1500E-07AB-456A-A49E-A641D8E9E8AA}.Release|Any CPU.ActiveCfg = Release|Any CPU
		{A4F1500E-07AB-456A-A49E-A641D8E9E8AA}.Release|Any CPU.Build.0 = Release|Any CPU
		{A4F1500E-07AB-456A-A49E-A641D8E9E8AA}.Release|x64.ActiveCfg = Release|Any CPU
		{A4F1500E-07AB-456A-A49E-A641D8E9E8AA}.Release|x64.Build.0 = Release|Any CPU
		{A4F1500E-07AB-456A-A49E-A641D8E9E8AA}.Release|x86.ActiveCfg = Release|Any CPU
		{A4F1500E-07AB-456A-A49E-A641D8E9E8AA}.Release|x86.Build.0 = Release|Any CPU
		{436000D2-71C2-4B25-85AA-4D8DCC3C11BD}.Debug|Any CPU.ActiveCfg = Debug|Any CPU
		{436000D2-71C2-4B25-85AA-4D8DCC3C11BD}.Debug|Any CPU.Build.0 = Debug|Any CPU
		{436000D2-71C2-4B25-85AA-4D8DCC3C11BD}.Debug|x64.ActiveCfg = Debug|Any CPU
		{436000D2-71C2-4B25-85AA-4D8DCC3C11BD}.Debug|x64.Build.0 = Debug|Any CPU
		{436000D2-71C2-4B25-85AA-4D8DCC3C11BD}.Debug|x86.ActiveCfg = Debug|Any CPU
		{436000D2-71C2-4B25-85AA-4D8DCC3C11BD}.Debug|x86.Build.0 = Debug|Any CPU
		{436000D2-71C2-4B25-85AA-4D8DCC3C11BD}.Release|Any CPU.ActiveCfg = Release|Any CPU
		{436000D2-71C2-4B25-85AA-4D8DCC3C11BD}.Release|Any CPU.Build.0 = Release|Any CPU
		{436000D2-71C2-4B25-85AA-4D8DCC3C11BD}.Release|x64.ActiveCfg = Release|Any CPU
		{436000D2-71C2-4B25-85AA-4D8DCC3C11BD}.Release|x64.Build.0 = Release|Any CPU
		{436000D2-71C2-4B25-85AA-4D8DCC3C11BD}.Release|x86.ActiveCfg = Release|Any CPU
		{436000D2-71C2-4B25-85AA-4D8DCC3C11BD}.Release|x86.Build.0 = Release|Any CPU
		{73AD458D-4EEF-457C-9006-D144614422C6}.Debug|Any CPU.ActiveCfg = Debug|Any CPU
		{73AD458D-4EEF-457C-9006-D144614422C6}.Debug|Any CPU.Build.0 = Debug|Any CPU
		{73AD458D-4EEF-457C-9006-D144614422C6}.Debug|x64.ActiveCfg = Debug|Any CPU
		{73AD458D-4EEF-457C-9006-D144614422C6}.Debug|x64.Build.0 = Debug|Any CPU
		{73AD458D-4EEF-457C-9006-D144614422C6}.Debug|x86.ActiveCfg = Debug|Any CPU
		{73AD458D-4EEF-457C-9006-D144614422C6}.Debug|x86.Build.0 = Debug|Any CPU
		{73AD458D-4EEF-457C-9006-D144614422C6}.Release|Any CPU.ActiveCfg = Release|Any CPU
		{73AD458D-4EEF-457C-9006-D144614422C6}.Release|Any CPU.Build.0 = Release|Any CPU
		{73AD458D-4EEF-457C-9006-D144614422C6}.Release|x64.ActiveCfg = Release|Any CPU
		{73AD458D-4EEF-457C-9006-D144614422C6}.Release|x64.Build.0 = Release|Any CPU
		{73AD458D-4EEF-457C-9006-D144614422C6}.Release|x86.ActiveCfg = Release|Any CPU
		{73AD458D-4EEF-457C-9006-D144614422C6}.Release|x86.Build.0 = Release|Any CPU
		{178C6307-E5D8-43AC-B560-75CF293324A0}.Debug|Any CPU.ActiveCfg = Debug|Any CPU
		{178C6307-E5D8-43AC-B560-75CF293324A0}.Debug|Any CPU.Build.0 = Debug|Any CPU
		{178C6307-E5D8-43AC-B560-75CF293324A0}.Debug|x64.ActiveCfg = Debug|Any CPU
		{178C6307-E5D8-43AC-B560-75CF293324A0}.Debug|x64.Build.0 = Debug|Any CPU
		{178C6307-E5D8-43AC-B560-75CF293324A0}.Debug|x86.ActiveCfg = Debug|Any CPU
		{178C6307-E5D8-43AC-B560-75CF293324A0}.Debug|x86.Build.0 = Debug|Any CPU
		{178C6307-E5D8-43AC-B560-75CF293324A0}.Release|Any CPU.ActiveCfg = Release|Any CPU
		{178C6307-E5D8-43AC-B560-75CF293324A0}.Release|Any CPU.Build.0 = Release|Any CPU
		{178C6307-E5D8-43AC-B560-75CF293324A0}.Release|x64.ActiveCfg = Release|Any CPU
		{178C6307-E5D8-43AC-B560-75CF293324A0}.Release|x64.Build.0 = Release|Any CPU
		{178C6307-E5D8-43AC-B560-75CF293324A0}.Release|x86.ActiveCfg = Release|Any CPU
		{178C6307-E5D8-43AC-B560-75CF293324A0}.Release|x86.Build.0 = Release|Any CPU
		{50964DEA-7551-4912-9B7A-0A319E340EC1}.Debug|Any CPU.ActiveCfg = Debug|Any CPU
		{50964DEA-7551-4912-9B7A-0A319E340EC1}.Debug|Any CPU.Build.0 = Debug|Any CPU
		{50964DEA-7551-4912-9B7A-0A319E340EC1}.Debug|x64.ActiveCfg = Debug|Any CPU
		{50964DEA-7551-4912-9B7A-0A319E340EC1}.Debug|x64.Build.0 = Debug|Any CPU
		{50964DEA-7551-4912-9B7A-0A319E340EC1}.Debug|x86.ActiveCfg = Debug|Any CPU
		{50964DEA-7551-4912-9B7A-0A319E340EC1}.Debug|x86.Build.0 = Debug|Any CPU
		{50964DEA-7551-4912-9B7A-0A319E340EC1}.Release|Any CPU.ActiveCfg = Release|Any CPU
		{50964DEA-7551-4912-9B7A-0A319E340EC1}.Release|Any CPU.Build.0 = Release|Any CPU
		{50964DEA-7551-4912-9B7A-0A319E340EC1}.Release|x64.ActiveCfg = Release|Any CPU
		{50964DEA-7551-4912-9B7A-0A319E340EC1}.Release|x64.Build.0 = Release|Any CPU
		{50964DEA-7551-4912-9B7A-0A319E340EC1}.Release|x86.ActiveCfg = Release|Any CPU
		{50964DEA-7551-4912-9B7A-0A319E340EC1}.Release|x86.Build.0 = Release|Any CPU
		{3F072A43-20F9-4733-B013-3CD656721F29}.Debug|Any CPU.ActiveCfg = Debug|Any CPU
		{3F072A43-20F9-4733-B013-3CD656721F29}.Debug|Any CPU.Build.0 = Debug|Any CPU
		{3F072A43-20F9-4733-B013-3CD656721F29}.Debug|x64.ActiveCfg = Debug|Any CPU
		{3F072A43-20F9-4733-B013-3CD656721F29}.Debug|x64.Build.0 = Debug|Any CPU
		{3F072A43-20F9-4733-B013-3CD656721F29}.Debug|x86.ActiveCfg = Debug|Any CPU
		{3F072A43-20F9-4733-B013-3CD656721F29}.Debug|x86.Build.0 = Debug|Any CPU
		{3F072A43-20F9-4733-B013-3CD656721F29}.Release|Any CPU.ActiveCfg = Release|Any CPU
		{3F072A43-20F9-4733-B013-3CD656721F29}.Release|Any CPU.Build.0 = Release|Any CPU
		{3F072A43-20F9-4733-B013-3CD656721F29}.Release|x64.ActiveCfg = Release|Any CPU
		{3F072A43-20F9-4733-B013-3CD656721F29}.Release|x64.Build.0 = Release|Any CPU
		{3F072A43-20F9-4733-B013-3CD656721F29}.Release|x86.ActiveCfg = Release|Any CPU
		{3F072A43-20F9-4733-B013-3CD656721F29}.Release|x86.Build.0 = Release|Any CPU
		{63E1FF58-9873-4BC8-9C74-0DB7B2872003}.Debug|Any CPU.ActiveCfg = Debug|Any CPU
		{63E1FF58-9873-4BC8-9C74-0DB7B2872003}.Debug|Any CPU.Build.0 = Debug|Any CPU
		{63E1FF58-9873-4BC8-9C74-0DB7B2872003}.Debug|x64.ActiveCfg = Debug|Any CPU
		{63E1FF58-9873-4BC8-9C74-0DB7B2872003}.Debug|x64.Build.0 = Debug|Any CPU
		{63E1FF58-9873-4BC8-9C74-0DB7B2872003}.Debug|x86.ActiveCfg = Debug|Any CPU
		{63E1FF58-9873-4BC8-9C74-0DB7B2872003}.Debug|x86.Build.0 = Debug|Any CPU
		{63E1FF58-9873-4BC8-9C74-0DB7B2872003}.Release|Any CPU.ActiveCfg = Release|Any CPU
		{63E1FF58-9873-4BC8-9C74-0DB7B2872003}.Release|Any CPU.Build.0 = Release|Any CPU
		{63E1FF58-9873-4BC8-9C74-0DB7B2872003}.Release|x64.ActiveCfg = Release|Any CPU
		{63E1FF58-9873-4BC8-9C74-0DB7B2872003}.Release|x64.Build.0 = Release|Any CPU
		{63E1FF58-9873-4BC8-9C74-0DB7B2872003}.Release|x86.ActiveCfg = Release|Any CPU
		{63E1FF58-9873-4BC8-9C74-0DB7B2872003}.Release|x86.Build.0 = Release|Any CPU
		{37B9920E-3A76-4FCF-9B4F-DFD0F414CCBE}.Debug|Any CPU.ActiveCfg = Debug|Any CPU
		{37B9920E-3A76-4FCF-9B4F-DFD0F414CCBE}.Debug|Any CPU.Build.0 = Debug|Any CPU
		{37B9920E-3A76-4FCF-9B4F-DFD0F414CCBE}.Debug|x64.ActiveCfg = Debug|Any CPU
		{37B9920E-3A76-4FCF-9B4F-DFD0F414CCBE}.Debug|x64.Build.0 = Debug|Any CPU
		{37B9920E-3A76-4FCF-9B4F-DFD0F414CCBE}.Debug|x86.ActiveCfg = Debug|Any CPU
		{37B9920E-3A76-4FCF-9B4F-DFD0F414CCBE}.Debug|x86.Build.0 = Debug|Any CPU
		{37B9920E-3A76-4FCF-9B4F-DFD0F414CCBE}.Release|Any CPU.ActiveCfg = Release|Any CPU
		{37B9920E-3A76-4FCF-9B4F-DFD0F414CCBE}.Release|Any CPU.Build.0 = Release|Any CPU
		{37B9920E-3A76-4FCF-9B4F-DFD0F414CCBE}.Release|x64.ActiveCfg = Release|Any CPU
		{37B9920E-3A76-4FCF-9B4F-DFD0F414CCBE}.Release|x64.Build.0 = Release|Any CPU
		{37B9920E-3A76-4FCF-9B4F-DFD0F414CCBE}.Release|x86.ActiveCfg = Release|Any CPU
		{37B9920E-3A76-4FCF-9B4F-DFD0F414CCBE}.Release|x86.Build.0 = Release|Any CPU
		{A4436982-12ED-4A5D-9D42-4405D4069D06}.Debug|Any CPU.ActiveCfg = Debug|Any CPU
		{A4436982-12ED-4A5D-9D42-4405D4069D06}.Debug|Any CPU.Build.0 = Debug|Any CPU
		{A4436982-12ED-4A5D-9D42-4405D4069D06}.Debug|x64.ActiveCfg = Debug|Any CPU
		{A4436982-12ED-4A5D-9D42-4405D4069D06}.Debug|x64.Build.0 = Debug|Any CPU
		{A4436982-12ED-4A5D-9D42-4405D4069D06}.Debug|x86.ActiveCfg = Debug|Any CPU
		{A4436982-12ED-4A5D-9D42-4405D4069D06}.Debug|x86.Build.0 = Debug|Any CPU
		{A4436982-12ED-4A5D-9D42-4405D4069D06}.Release|Any CPU.ActiveCfg = Release|Any CPU
		{A4436982-12ED-4A5D-9D42-4405D4069D06}.Release|Any CPU.Build.0 = Release|Any CPU
		{A4436982-12ED-4A5D-9D42-4405D4069D06}.Release|x64.ActiveCfg = Release|Any CPU
		{A4436982-12ED-4A5D-9D42-4405D4069D06}.Release|x64.Build.0 = Release|Any CPU
		{A4436982-12ED-4A5D-9D42-4405D4069D06}.Release|x86.ActiveCfg = Release|Any CPU
		{A4436982-12ED-4A5D-9D42-4405D4069D06}.Release|x86.Build.0 = Release|Any CPU
		{6395C1D6-F670-4E88-9BBE-78891D789B02}.Debug|Any CPU.ActiveCfg = Debug|Any CPU
		{6395C1D6-F670-4E88-9BBE-78891D789B02}.Debug|Any CPU.Build.0 = Debug|Any CPU
		{6395C1D6-F670-4E88-9BBE-78891D789B02}.Debug|x64.ActiveCfg = Debug|Any CPU
		{6395C1D6-F670-4E88-9BBE-78891D789B02}.Debug|x64.Build.0 = Debug|Any CPU
		{6395C1D6-F670-4E88-9BBE-78891D789B02}.Debug|x86.ActiveCfg = Debug|Any CPU
		{6395C1D6-F670-4E88-9BBE-78891D789B02}.Debug|x86.Build.0 = Debug|Any CPU
		{6395C1D6-F670-4E88-9BBE-78891D789B02}.Release|Any CPU.ActiveCfg = Release|Any CPU
		{6395C1D6-F670-4E88-9BBE-78891D789B02}.Release|Any CPU.Build.0 = Release|Any CPU
		{6395C1D6-F670-4E88-9BBE-78891D789B02}.Release|x64.ActiveCfg = Release|Any CPU
		{6395C1D6-F670-4E88-9BBE-78891D789B02}.Release|x64.Build.0 = Release|Any CPU
		{6395C1D6-F670-4E88-9BBE-78891D789B02}.Release|x86.ActiveCfg = Release|Any CPU
		{6395C1D6-F670-4E88-9BBE-78891D789B02}.Release|x86.Build.0 = Release|Any CPU
		{B41B8B1B-837C-4B18-8749-A4AD4136151A}.Debug|Any CPU.ActiveCfg = Debug|Any CPU
		{B41B8B1B-837C-4B18-8749-A4AD4136151A}.Debug|Any CPU.Build.0 = Debug|Any CPU
		{B41B8B1B-837C-4B18-8749-A4AD4136151A}.Debug|x64.ActiveCfg = Debug|Any CPU
		{B41B8B1B-837C-4B18-8749-A4AD4136151A}.Debug|x64.Build.0 = Debug|Any CPU
		{B41B8B1B-837C-4B18-8749-A4AD4136151A}.Debug|x86.ActiveCfg = Debug|Any CPU
		{B41B8B1B-837C-4B18-8749-A4AD4136151A}.Debug|x86.Build.0 = Debug|Any CPU
		{B41B8B1B-837C-4B18-8749-A4AD4136151A}.Release|Any CPU.ActiveCfg = Release|Any CPU
		{B41B8B1B-837C-4B18-8749-A4AD4136151A}.Release|Any CPU.Build.0 = Release|Any CPU
		{B41B8B1B-837C-4B18-8749-A4AD4136151A}.Release|x64.ActiveCfg = Release|Any CPU
		{B41B8B1B-837C-4B18-8749-A4AD4136151A}.Release|x64.Build.0 = Release|Any CPU
		{B41B8B1B-837C-4B18-8749-A4AD4136151A}.Release|x86.ActiveCfg = Release|Any CPU
		{B41B8B1B-837C-4B18-8749-A4AD4136151A}.Release|x86.Build.0 = Release|Any CPU
		{20362BDF-85C9-4698-9B40-CD3E732B76C2}.Debug|Any CPU.ActiveCfg = Debug|Any CPU
		{20362BDF-85C9-4698-9B40-CD3E732B76C2}.Debug|Any CPU.Build.0 = Debug|Any CPU
		{20362BDF-85C9-4698-9B40-CD3E732B76C2}.Debug|x64.ActiveCfg = Debug|Any CPU
		{20362BDF-85C9-4698-9B40-CD3E732B76C2}.Debug|x64.Build.0 = Debug|Any CPU
		{20362BDF-85C9-4698-9B40-CD3E732B76C2}.Debug|x86.ActiveCfg = Debug|Any CPU
		{20362BDF-85C9-4698-9B40-CD3E732B76C2}.Debug|x86.Build.0 = Debug|Any CPU
		{20362BDF-85C9-4698-9B40-CD3E732B76C2}.Release|Any CPU.ActiveCfg = Release|Any CPU
		{20362BDF-85C9-4698-9B40-CD3E732B76C2}.Release|Any CPU.Build.0 = Release|Any CPU
		{20362BDF-85C9-4698-9B40-CD3E732B76C2}.Release|x64.ActiveCfg = Release|Any CPU
		{20362BDF-85C9-4698-9B40-CD3E732B76C2}.Release|x64.Build.0 = Release|Any CPU
		{20362BDF-85C9-4698-9B40-CD3E732B76C2}.Release|x86.ActiveCfg = Release|Any CPU
		{20362BDF-85C9-4698-9B40-CD3E732B76C2}.Release|x86.Build.0 = Release|Any CPU
		{9552C585-BCA2-42BC-8F50-F0F356004647}.Debug|Any CPU.ActiveCfg = Debug|Any CPU
		{9552C585-BCA2-42BC-8F50-F0F356004647}.Debug|Any CPU.Build.0 = Debug|Any CPU
		{9552C585-BCA2-42BC-8F50-F0F356004647}.Debug|x64.ActiveCfg = Debug|Any CPU
		{9552C585-BCA2-42BC-8F50-F0F356004647}.Debug|x64.Build.0 = Debug|Any CPU
		{9552C585-BCA2-42BC-8F50-F0F356004647}.Debug|x86.ActiveCfg = Debug|Any CPU
		{9552C585-BCA2-42BC-8F50-F0F356004647}.Debug|x86.Build.0 = Debug|Any CPU
		{9552C585-BCA2-42BC-8F50-F0F356004647}.Release|Any CPU.ActiveCfg = Release|Any CPU
		{9552C585-BCA2-42BC-8F50-F0F356004647}.Release|Any CPU.Build.0 = Release|Any CPU
		{9552C585-BCA2-42BC-8F50-F0F356004647}.Release|x64.ActiveCfg = Release|Any CPU
		{9552C585-BCA2-42BC-8F50-F0F356004647}.Release|x64.Build.0 = Release|Any CPU
		{9552C585-BCA2-42BC-8F50-F0F356004647}.Release|x86.ActiveCfg = Release|Any CPU
		{9552C585-BCA2-42BC-8F50-F0F356004647}.Release|x86.Build.0 = Release|Any CPU
		{FEA90D34-AEE3-4275-B251-84DD1672836E}.Debug|Any CPU.ActiveCfg = Debug|Any CPU
		{FEA90D34-AEE3-4275-B251-84DD1672836E}.Debug|Any CPU.Build.0 = Debug|Any CPU
		{FEA90D34-AEE3-4275-B251-84DD1672836E}.Debug|x64.ActiveCfg = Debug|Any CPU
		{FEA90D34-AEE3-4275-B251-84DD1672836E}.Debug|x64.Build.0 = Debug|Any CPU
		{FEA90D34-AEE3-4275-B251-84DD1672836E}.Debug|x86.ActiveCfg = Debug|Any CPU
		{FEA90D34-AEE3-4275-B251-84DD1672836E}.Debug|x86.Build.0 = Debug|Any CPU
		{FEA90D34-AEE3-4275-B251-84DD1672836E}.Release|Any CPU.ActiveCfg = Release|Any CPU
		{FEA90D34-AEE3-4275-B251-84DD1672836E}.Release|Any CPU.Build.0 = Release|Any CPU
		{FEA90D34-AEE3-4275-B251-84DD1672836E}.Release|x64.ActiveCfg = Release|Any CPU
		{FEA90D34-AEE3-4275-B251-84DD1672836E}.Release|x64.Build.0 = Release|Any CPU
		{FEA90D34-AEE3-4275-B251-84DD1672836E}.Release|x86.ActiveCfg = Release|Any CPU
		{FEA90D34-AEE3-4275-B251-84DD1672836E}.Release|x86.Build.0 = Release|Any CPU
		{6AED91F4-5162-4422-A2B5-88FB286C24CE}.Debug|Any CPU.ActiveCfg = Debug|Any CPU
		{6AED91F4-5162-4422-A2B5-88FB286C24CE}.Debug|Any CPU.Build.0 = Debug|Any CPU
		{6AED91F4-5162-4422-A2B5-88FB286C24CE}.Debug|x64.ActiveCfg = Debug|Any CPU
		{6AED91F4-5162-4422-A2B5-88FB286C24CE}.Debug|x64.Build.0 = Debug|Any CPU
		{6AED91F4-5162-4422-A2B5-88FB286C24CE}.Debug|x86.ActiveCfg = Debug|Any CPU
		{6AED91F4-5162-4422-A2B5-88FB286C24CE}.Debug|x86.Build.0 = Debug|Any CPU
		{6AED91F4-5162-4422-A2B5-88FB286C24CE}.Release|Any CPU.ActiveCfg = Release|Any CPU
		{6AED91F4-5162-4422-A2B5-88FB286C24CE}.Release|Any CPU.Build.0 = Release|Any CPU
		{6AED91F4-5162-4422-A2B5-88FB286C24CE}.Release|x64.ActiveCfg = Release|Any CPU
		{6AED91F4-5162-4422-A2B5-88FB286C24CE}.Release|x64.Build.0 = Release|Any CPU
		{6AED91F4-5162-4422-A2B5-88FB286C24CE}.Release|x86.ActiveCfg = Release|Any CPU
		{6AED91F4-5162-4422-A2B5-88FB286C24CE}.Release|x86.Build.0 = Release|Any CPU
	EndGlobalSection
	GlobalSection(SolutionProperties) = preSolution
		HideSolutionNode = FALSE
	EndGlobalSection
	GlobalSection(NestedProjects) = preSolution
		{178C6307-E5D8-43AC-B560-75CF293324A0} = {D1B700EA-A9F7-44CB-AF6B-F7D4EB24383C}
		{6395C1D6-F670-4E88-9BBE-78891D789B02} = {D1B700EA-A9F7-44CB-AF6B-F7D4EB24383C}
		{B41B8B1B-837C-4B18-8749-A4AD4136151A} = {D1B700EA-A9F7-44CB-AF6B-F7D4EB24383C}
		{63E1FF58-9873-4BC8-9C74-0DB7B2872003} = {B5F5B64B-17D1-4522-90EB-2E57E1B09D43}
		{436000D2-71C2-4B25-85AA-4D8DCC3C11BD} = {B5F5B64B-17D1-4522-90EB-2E57E1B09D43}
		{EEFBE857-CC35-4A39-BB64-B91EE25850D6} = {B5F5B64B-17D1-4522-90EB-2E57E1B09D43}
		{73AD458D-4EEF-457C-9006-D144614422C6} = {11EB7655-B92E-434E-811B-275DDB621294}
		{A4F1500E-07AB-456A-A49E-A641D8E9E8AA} = {11EB7655-B92E-434E-811B-275DDB621294}
		{A4436982-12ED-4A5D-9D42-4405D4069D06} = {B5F5B64B-17D1-4522-90EB-2E57E1B09D43}
		{37B9920E-3A76-4FCF-9B4F-DFD0F414CCBE} = {5D4B08B7-F4B4-41EC-9557-0929C0955E81}
		{50964DEA-7551-4912-9B7A-0A319E340EC1} = {5D4B08B7-F4B4-41EC-9557-0929C0955E81}
		{3F072A43-20F9-4733-B013-3CD656721F29} = {5D4B08B7-F4B4-41EC-9557-0929C0955E81}
		{20362BDF-85C9-4698-9B40-CD3E732B76C2} = {E188F715-9997-4AE1-8366-47B65C77DD73}
		{9552C585-BCA2-42BC-8F50-F0F356004647} = {E188F715-9997-4AE1-8366-47B65C77DD73}
		{FEA90D34-AEE3-4275-B251-84DD1672836E} = {5D4B08B7-F4B4-41EC-9557-0929C0955E81}
		{6AED91F4-5162-4422-A2B5-88FB286C24CE} = {5D4B08B7-F4B4-41EC-9557-0929C0955E81}
	EndGlobalSection
EndGlobal
